Microsoft Visual Studio Solution File, Format Version 12.00
# Visual Studio Version 17
VisualStudioVersion = 17.0.31611.283
MinimumVisualStudioVersion = 10.0.40219.1
Project("{9A19103F-16F7-4668-BE54-9A1E7A4F7556}") = "GbrToGcode", "Gerber2Gcode\GbrToGcode.csproj", "{2AADD4A8-B67E-48F2-BE06-363737F2009F}"
EndProject
Project("{FAE04EC0-301F-11D3-BF4B-00C04F79EFBC}") = "GerberService", "GerberService\GerberService.csproj", "{87382E7B-8D32-4DD7-8878-AE625F314695}"
EndProject
Global
	GlobalSection(SolutionConfigurationPlatforms) = preSolution
		Debug|Any CPU = Debug|Any CPU
		Release|Any CPU = Release|Any CPU
	EndGlobalSection
	GlobalSection(ProjectConfigurationPlatforms) = postSolution
		{2AADD4A8-B67E-48F2-BE06-363737F2009F}.Debug|Any CPU.ActiveCfg = Debug|Any CPU
		{2AADD4A8-B67E-48F2-BE06-363737F2009F}.Debug|Any CPU.Build.0 = Debug|Any CPU
		{2AADD4A8-B67E-48F2-BE06-363737F2009F}.Debug|Any CPU.Deploy.0 = Debug|Any CPU
		{2AADD4A8-B67E-48F2-BE06-363737F2009F}.Release|Any CPU.ActiveCfg = Release|Any CPU
		{2AADD4A8-B67E-48F2-BE06-363737F2009F}.Release|Any CPU.Build.0 = Release|Any CPU
		{2AADD4A8-B67E-48F2-BE06-363737F2009F}.Release|Any CPU.Deploy.0 = Release|Any CPU
		{87382E7B-8D32-4DD7-8878-AE625F314695}.Debug|Any CPU.ActiveCfg = Debug|Any CPU
		{87382E7B-8D32-4DD7-8878-AE625F314695}.Debug|Any CPU.Build.0 = Debug|Any CPU
		{87382E7B-8D32-4DD7-8878-AE625F314695}.Release|Any CPU.ActiveCfg = Release|Any CPU
		{87382E7B-8D32-4DD7-8878-AE625F314695}.Release|Any CPU.Build.0 = Release|Any CPU
	EndGlobalSection
	GlobalSection(SolutionProperties) = preSolution
		HideSolutionNode = FALSE
	EndGlobalSection
	GlobalSection(ExtensibilityGlobals) = postSolution
		SolutionGuid = {61F7FB11-1E47-470C-91E2-47F8143E1572}
	EndGlobalSection
EndGlobal
